
Microsoft Visual Studio Solution File, Format Version 12.00
# Visual Studio Version 17
VisualStudioVersion = 17.1.32228.430
MinimumVisualStudioVersion = 10.0.40219.1
Project("{FAE04EC0-301F-11D3-BF4B-00C04F79EFBC}") = "OOPExample1", "OOPExample1.csproj", "{2232BE81-ABCC-4343-B7F3-93CBFBCDA7BD}"
EndProject
Global
	GlobalSection(SolutionConfigurationPlatforms) = preSolution
		Debug|Any CPU = Debug|Any CPU
		Release|Any CPU = Release|Any CPU
	EndGlobalSection
	GlobalSection(ProjectConfigurationPlatforms) = postSolution
		{2232BE81-ABCC-4343-B7F3-93CBFBCDA7BD}.Debug|Any CPU.ActiveCfg = Debug|Any CPU
		{2232BE81-ABCC-4343-B7F3-93CBFBCDA7BD}.Debug|Any CPU.Build.0 = Debug|Any CPU
		{2232BE81-ABCC-4343-B7F3-93CBFBCDA7BD}.Release|Any CPU.ActiveCfg = Release|Any CPU
		{2232BE81-ABCC-4343-B7F3-93CBFBCDA7BD}.Release|Any CPU.Build.0 = Release|Any CPU
	EndGlobalSection
	GlobalSection(SolutionProperties) = preSolution
		HideSolutionNode = FALSE
	EndGlobalSection
	GlobalSection(ExtensibilityGlobals) = postSolution
		SolutionGuid = {582DDB01-808D-4AA1-A75D-C0D620A1CCC7}
	EndGlobalSection
EndGlobal
